
Microsoft Visual Studio Solution File, Format Version 12.00
# Visual Studio 15
VisualStudioVersion = 15.0.28307.852
MinimumVisualStudioVersion = 10.0.40219.1
Project("{FAE04EC0-301F-11D3-BF4B-00C04F79EFBC}") = "ModificarMVVM", "ModificarMVVM\ModificarMVVM.csproj", "{A027A589-5108-4718-A797-84F52BBE3B8F}"
EndProject
Global
	GlobalSection(SolutionConfigurationPlatforms) = preSolution
		Debug|Any CPU = Debug|Any CPU
		Release|Any CPU = Release|Any CPU
	EndGlobalSection
	GlobalSection(ProjectConfigurationPlatforms) = postSolution
		{A027A589-5108-4718-A797-84F52BBE3B8F}.Debug|Any CPU.ActiveCfg = Debug|Any CPU
		{A027A589-5108-4718-A797-84F52BBE3B8F}.Debug|Any CPU.Build.0 = Debug|Any CPU
		{A027A589-5108-4718-A797-84F52BBE3B8F}.Release|Any CPU.ActiveCfg = Release|Any CPU
		{A027A589-5108-4718-A797-84F52BBE3B8F}.Release|Any CPU.Build.0 = Release|Any CPU
	EndGlobalSection
	GlobalSection(SolutionProperties) = preSolution
		HideSolutionNode = FALSE
	EndGlobalSection
	GlobalSection(ExtensibilityGlobals) = postSolution
		SolutionGuid = {0650AB26-59D9-43EA-9CCF-4FA517943E0A}
	EndGlobalSection
EndGlobal
